// !$*UTF8*$!
{
	archiveVersion = 1;
	classes = {
	};
	objectVersion = 46;
	objects = {

/* Begin PBXBuildFile section */
		840598811A8B846D001A8B83 /* main.m in Sources */ = {isa = PBXBuildFile; fileRef = 840598801A8B846D001A8B83 /* main.m */; };
		840598841A8B846D001A8B83 /* AppDelegate.m in Sources */ = {isa = PBXBuildFile; fileRef = 840598831A8B846D001A8B83 /* AppDelegate.m */; };
		840598871A8B846D001A8B83 /* ViewController.m in Sources */ = {isa = PBXBuildFile; fileRef = 840598861A8B846D001A8B83 /* ViewController.m */; };
		8405988A1A8B846D001A8B83 /* Main.storyboard in Resources */ = {isa = PBXBuildFile; fileRef = 840598881A8B846D001A8B83 /* Main.storyboard */; };
		8405988C1A8B846D001A8B83 /* Images.xcassets in Resources */ = {isa = PBXBuildFile; fileRef = 8405988B1A8B846D001A8B83 /* Images.xcassets */; };
		8405988F1A8B846D001A8B83 /* LaunchScreen.xib in Resources */ = {isa = PBXBuildFile; fileRef = 8405988D1A8B846D001A8B83 /* LaunchScreen.xib */; };
		8405989B1A8B846D001A8B83 /* StoryboardGitDemoTests.m in Sources */ = {isa = PBXBuildFile; fileRef = 8405989A1A8B846D001A8B83 /* StoryboardGitDemoTests.m */; };
/* End PBXBuildFile section */

/* Begin PBXContainerItemProxy section */
		840598951A8B846D001A8B83 /* PBXContainerItemProxy */ = {
			isa = PBXContainerItemProxy;
			containerPortal = 840598731A8B846D001A8B83 /* Project object */;
			proxyType = 1;
			remoteGlobalIDString = 8405987A1A8B846D001A8B83;
			remoteInfo = StoryboardGitDemo;
		};
/* End PBXContainerItemProxy section */

/* Begin PBXFileReference section */
		8405987B1A8B846D001A8B83 /* StoryboardGitDemo.app */ = {isa = PBXFileReference; explicitFileType = wrapper.application; includeInIndex = 0; path = StoryboardGitDemo.app; sourceTree = BUILT_PRODUCTS_DIR; };
		8405987F1A8B846D001A8B83 /* Info.plist */ = {isa = PBXFileReference; lastKnownFileType = text.plist.xml; path = Info.plist; sourceTree = "<group>"; };
		840598801A8B846D001A8B83 /* main.m */ = {isa = PBXFileReference; lastKnownFileType = sourcecode.c.objc; path = main.m; sourceTree = "<group>"; };
		840598821A8B846D001A8B83 /* AppDelegate.h */ = {isa = PBXFileReference; lastKnownFileType = sourcecode.c.h; path = AppDelegate.h; sourceTree = "<group>"; };
		840598831A8B846D001A8B83 /* AppDelegate.m */ = {isa = PBXFileReference; lastKnownFileType = sourcecode.c.objc; path = AppDelegate.m; sourceTree = "<group>"; };
		840598851A8B846D001A8B83 /* ViewController.h */ = {isa = PBXFileReference; lastKnownFileType = sourcecode.c.h; path = ViewController.h; sourceTree = "<group>"; };
		840598861A8B846D001A8B83 /* ViewController.m */ = {isa = PBXFileReference; lastKnownFileType = sourcecode.c.objc; path = ViewController.m; sourceTree = "<group>"; };
		840598891A8B846D001A8B83 /* Base */ = {isa = PBXFileReference; lastKnownFileType = file.storyboard; name = Base; path = Base.lproj/Main.storyboard; sourceTree = "<group>"; };
		8405988B1A8B846D001A8B83 /* Images.xcassets */ = {isa = PBXFileReference; lastKnownFileType = folder.assetcatalog; path = Images.xcassets; sourceTree = "<group>"; };
		8405988E1A8B846D001A8B83 /* Base */ = {isa = PBXFileReference; lastKnownFileType = file.xib; name = Base; path = Base.lproj/LaunchScreen.xib; sourceTree = "<group>"; };
		840598941A8B846D001A8B83 /* StoryboardGitDemoTests.xctest */ = {isa = PBXFileReference; explicitFileType = wrapper.cfbundle; includeInIndex = 0; path = StoryboardGitDemoTests.xctest; sourceTree = BUILT_PRODUCTS_DIR; };
		840598991A8B846D001A8B83 /* Info.plist */ = {isa = PBXFileReference; lastKnownFileType = text.plist.xml; path = Info.plist; sourceTree = "<group>"; };
		8405989A1A8B846D001A8B83 /* StoryboardGitDemoTests.m */ = {isa = PBXFileReference; lastKnownFileType = sourcecode.c.objc; path = StoryboardGitDemoTests.m; sourceTree = "<group>"; };
/* End PBXFileReference section */

/* Begin PBXFrameworksBuildPhase section */
		840598781A8B846D001A8B83 /* Frameworks */ = {
			isa = PBXFrameworksBuildPhase;
			buildActionMask = 2147483647;
			files = (
			);
			runOnlyForDeploymentPostprocessing = 0;
		};
		840598911A8B846D001A8B83 /* Frameworks */ = {
			isa = PBXFrameworksBuildPhase;
			buildActionMask = 2147483647;
			files = (
			);
			runOnlyForDeploymentPostprocessing = 0;
		};
/* End PBXFrameworksBuildPhase section */

/* Begin PBXGroup section */
		840598721A8B846D001A8B83 = {
			isa = PBXGroup;
			children = (
				8405987D1A8B846D001A8B83 /* StoryboardGitDemo */,
				840598971A8B846D001A8B83 /* StoryboardGitDemoTests */,
				8405987C1A8B846D001A8B83 /* Products */,
			);
			sourceTree = "<group>";
		};
		8405987C1A8B846D001A8B83 /* Products */ = {
			isa = PBXGroup;
			children = (
				8405987B1A8B846D001A8B83 /* StoryboardGitDemo.app */,
				840598941A8B846D001A8B83 /* StoryboardGitDemoTests.xctest */,
			);
			name = Products;
			sourceTree = "<group>";
		};
		8405987D1A8B846D001A8B83 /* StoryboardGitDemo */ = {
			isa = PBXGroup;
			children = (
				840598821A8B846D001A8B83 /* AppDelegate.h */,
				840598831A8B846D001A8B83 /* AppDelegate.m */,
				840598851A8B846D001A8B83 /* ViewController.h */,
				840598861A8B846D001A8B83 /* ViewController.m */,
				840598881A8B846D001A8B83 /* Main.storyboard */,
				8405988B1A8B846D001A8B83 /* Images.xcassets */,
				8405988D1A8B846D001A8B83 /* LaunchScreen.xib */,
				8405987E1A8B846D001A8B83 /* Supporting Files */,
			);
			path = StoryboardGitDemo;
			sourceTree = "<group>";
		};
		8405987E1A8B846D001A8B83 /* Supporting Files */ = {
			isa = PBXGroup;
			children = (
				8405987F1A8B846D001A8B83 /* Info.plist */,
				840598801A8B846D001A8B83 /* main.m */,
			);
			name = "Supporting Files";
			sourceTree = "<group>";
		};
		840598971A8B846D001A8B83 /* StoryboardGitDemoTests */ = {
			isa = PBXGroup;
			children = (
				8405989A1A8B846D001A8B83 /* StoryboardGitDemoTests.m */,
				840598981A8B846D001A8B83 /* Supporting Files */,
			);
			path = StoryboardGitDemoTests;
			sourceTree = "<group>";
		};
		840598981A8B846D001A8B83 /* Supporting Files */ = {
			isa = PBXGroup;
			children = (
				840598991A8B846D001A8B83 /* Info.plist */,
			);
			name = "Supporting Files";
			sourceTree = "<group>";
		};
/* End PBXGroup section */

/* Begin PBXNativeTarget section */
		8405987A1A8B846D001A8B83 /* StoryboardGitDemo */ = {
			isa = PBXNativeTarget;
			buildConfigurationList = 8405989E1A8B846D001A8B83 /* Build configuration list for PBXNativeTarget "StoryboardGitDemo" */;
			buildPhases = (
				840598771A8B846D001A8B83 /* Sources */,
				840598781A8B846D001A8B83 /* Frameworks */,
				840598791A8B846D001A8B83 /* Resources */,
			);
			buildRules = (
			);
			dependencies = (
			);
			name = StoryboardGitDemo;
			productName = StoryboardGitDemo;
			productReference = 8405987B1A8B846D001A8B83 /* StoryboardGitDemo.app */;
			productType = "com.apple.product-type.application";
		};
		840598931A8B846D001A8B83 /* StoryboardGitDemoTests */ = {
			isa = PBXNativeTarget;
			buildConfigurationList = 840598A11A8B846D001A8B83 /* Build configuration list for PBXNativeTarget "StoryboardGitDemoTests" */;
			buildPhases = (
				840598901A8B846D001A8B83 /* Sources */,
				840598911A8B846D001A8B83 /* Frameworks */,
				840598921A8B846D001A8B83 /* Resources */,
			);
			buildRules = (
			);
			dependencies = (
				840598961A8B846D001A8B83 /* PBXTargetDependency */,
			);
			name = StoryboardGitDemoTests;
			productName = StoryboardGitDemoTests;
			productReference = 840598941A8B846D001A8B83 /* StoryboardGitDemoTests.xctest */;
			productType = "com.apple.product-type.bundle.unit-test";
		};
/* End PBXNativeTarget section */

/* Begin PBXProject section */
		840598731A8B846D001A8B83 /* Project object */ = {
			isa = PBXProject;
			attributes = {
				LastUpgradeCheck = 0620;
				ORGANIZATIONNAME = Techgrains;
				TargetAttributes = {
					8405987A1A8B846D001A8B83 = {
						CreatedOnToolsVersion = 6.2;
					};
					840598931A8B846D001A8B83 = {
						CreatedOnToolsVersion = 6.2;
						TestTargetID = 8405987A1A8B846D001A8B83;
					};
				};
			};
			buildConfigurationList = 840598761A8B846D001A8B83 /* Build configuration list for PBXProject "StoryboardGitDemo" */;
			compatibilityVersion = "Xcode 3.2";
			developmentRegion = English;
			hasScannedForEncodings = 0;
			knownRegions = (
				en,
				Base,
			);
			mainGroup = 840598721A8B846D001A8B83;
			productRefGroup = 8405987C1A8B846D001A8B83 /* Products */;
			projectDirPath = "";
			projectRoot = "";
			targets = (
				8405987A1A8B846D001A8B83 /* StoryboardGitDemo */,
				840598931A8B846D001A8B83 /* StoryboardGitDemoTests */,
			);
		};
/* End PBXProject section */

/* Begin PBXResourcesBuildPhase section */
		840598791A8B846D001A8B83 /* Resources */ = {
			isa = PBXResourcesBuildPhase;
			buildActionMask = 2147483647;
			files = (
				8405988A1A8B846D001A8B83 /* Main.storyboard in Resources */,
				8405988F1A8B846D001A8B83 /* LaunchScreen.xib in Resources */,
				8405988C1A8B846D001A8B83 /* Images.xcassets in Resources */,
			);
			runOnlyForDeploymentPostprocessing = 0;
		};
		840598921A8B846D001A8B83 /* Resources */ = {
			isa = PBXResourcesBuildPhase;
			buildActionMask = 2147483647;
			files = (
			);
			runOnlyForDeploymentPostprocessing = 0;
		};
/* End PBXResourcesBuildPhase section */

/* Begin PBXSourcesBuildPhase section */
		840598771A8B846D001A8B83 /* Sources */ = {
			isa = PBXSourcesBuildPhase;
			buildActionMask = 2147483647;
			files = (
				840598871A8B846D001A8B83 /* ViewController.m in Sources */,
				840598841A8B846D001A8B83 /* AppDelegate.m in Sources */,
				840598811A8B846D001A8B83 /* main.m in Sources */,
			);
			runOnlyForDeploymentPostprocessing = 0;
		};
		840598901A8B846D001A8B83 /* Sources */ = {
			isa = PBXSourcesBuildPhase;
			buildActionMask = 2147483647;
			files = (
				8405989B1A8B846D001A8B83 /* StoryboardGitDemoTests.m in Sources */,
			);
			runOnlyForDeploymentPostprocessing = 0;
		};
/* End PBXSourcesBuildPhase section */

/* Begin PBXTargetDependency section */
		840598961A8B846D001A8B83 /* PBXTargetDependency */ = {
			isa = PBXTargetDependency;
			target = 8405987A1A8B846D001A8B83 /* StoryboardGitDemo */;
			targetProxy = 840598951A8B846D001A8B83 /* PBXContainerItemProxy */;
		};
/* End PBXTargetDependency section */

/* Begin PBXVariantGroup section */
		840598881A8B846D001A8B83 /* Main.storyboard */ = {
			isa = PBXVariantGroup;
			children = (
				840598891A8B846D001A8B83 /* Base */,
			);
			name = Main.storyboard;
			sourceTree = "<group>";
		};
		8405988D1A8B846D001A8B83 /* LaunchScreen.xib */ = {
			isa = PBXVariantGroup;
			children = (
				8405988E1A8B846D001A8B83 /* Base */,
			);
			name = LaunchScreen.xib;
			sourceTree = "<group>";
		};
/* End PBXVariantGroup section */

/* Begin XCBuildConfiguration section */
		8405989C1A8B846D001A8B83 /* Debug */ = {
			isa = XCBuildConfiguration;
			buildSettings = {
				ALWAYS_SEARCH_USER_PATHS = NO;
				CLANG_CXX_LANGUAGE_STANDARD = "gnu++0x";
				CLANG_CXX_LIBRARY = "libc++";
				CLANG_ENABLE_MODULES = YES;
				CLANG_ENABLE_OBJC_ARC = YES;
				CLANG_WARN_BOOL_CONVERSION = YES;
				CLANG_WARN_CONSTANT_CONVERSION = YES;
				CLANG_WARN_DIRECT_OBJC_ISA_USAGE = YES_ERROR;
				CLANG_WARN_EMPTY_BODY = YES;
				CLANG_WARN_ENUM_CONVERSION = YES;
				CLANG_WARN_INT_CONVERSION = YES;
				CLANG_WARN_OBJC_ROOT_CLASS = YES_ERROR;
				CLANG_WARN_UNREACHABLE_CODE = YES;
				CLANG_WARN__DUPLICATE_METHOD_MATCH = YES;
				"CODE_SIGN_IDENTITY[sdk=iphoneos*]" = "iPhone Developer";
				COPY_PHASE_STRIP = NO;
				ENABLE_STRICT_OBJC_MSGSEND = YES;
				GCC_C_LANGUAGE_STANDARD = gnu99;
				GCC_DYNAMIC_NO_PIC = NO;
				GCC_OPTIMIZATION_LEVEL = 0;
				GCC_PREPROCESSOR_DEFINITIONS = (
					"DEBUG=1",
					"$(inherited)",
				);
				GCC_SYMBOLS_PRIVATE_EXTERN = NO;
				GCC_WARN_64_TO_32_BIT_CONVERSION = YES;
				GCC_WARN_ABOUT_RETURN_TYPE = YES_ERROR;
				GCC_WARN_UNDECLARED_SELECTOR = YES;
				GCC_WARN_UNINITIALIZED_AUTOS = YES_AGGRESSIVE;
				GCC_WARN_UNUSED_FUNCTION = YES;
				GCC_WARN_UNUSED_VARIABLE = YES;
				IPHONEOS_DEPLOYMENT_TARGET = 8.2;
				MTL_ENABLE_DEBUG_INFO = YES;
				ONLY_ACTIVE_ARCH = YES;
				SDKROOT = iphoneos;
			};
			name = Debug;
		};
		8405989D1A8B846D001A8B83 /* Release */ = {
			isa = XCBuildConfiguration;
			buildSettings = {
				ALWAYS_SEARCH_USER_PATHS = NO;
				CLANG_CXX_LANGUAGE_STANDARD = "gnu++0x";
				CLANG_CXX_LIBRARY = "libc++";
				CLANG_ENABLE_MODULES = YES;
				CLANG_ENABLE_OBJC_ARC = YES;
				CLANG_WARN_BOOL_CONVERSION = YES;
				CLANG_WARN_CONSTANT_CONVERSION = YES;
				CLANG_WARN_DIRECT_OBJC_ISA_USAGE = YES_ERROR;
				CLANG_WARN_EMPTY_BODY = YES;
				CLANG_WARN_ENUM_CONVERSION = YES;
				CLANG_WARN_INT_CONVERSION = YES;
				CLANG_WARN_OBJC_ROOT_CLASS = YES_ERROR;
				CLANG_WARN_UNREACHABLE_CODE = YES;
				CLANG_WARN__DUPLICATE_METHOD_MATCH = YES;
				"CODE_SIGN_IDENTITY[sdk=iphoneos*]" = "iPhone Developer";
				COPY_PHASE_STRIP = NO;
				ENABLE_NS_ASSERTIONS = NO;
				ENABLE_STRICT_OBJC_MSGSEND = YES;
				GCC_C_LANGUAGE_STANDARD = gnu99;
				GCC_WARN_64_TO_32_BIT_CONVERSION = YES;
				GCC_WARN_ABOUT_RETURN_TYPE = YES_ERROR;
				GCC_WARN_UNDECLARED_SELECTOR = YES;
				GCC_WARN_UNINITIALIZED_AUTOS = YES_AGGRESSIVE;
				GCC_WARN_UNUSED_FUNCTION = YES;
				GCC_WARN_UNUSED_VARIABLE = YES;
				IPHONEOS_DEPLOYMENT_TARGET = 8.2;
				MTL_ENABLE_DEBUG_INFO = NO;
				SDKROOT = iphoneos;
				VALIDATE_PRODUCT = YES;
			};
			name = Release;
		};
		8405989F1A8B846D001A8B83 /* Debug */ = {
			isa = XCBuildConfiguration;
			buildSettings = {
				ASSETCATALOG_COMPILER_APPICON_NAME = AppIcon;
				INFOPLIST_FILE = StoryboardGitDemo/Info.plist;
				LD_RUNPATH_SEARCH_PATHS = "$(inherited) @executable_path/Frameworks";
				PRODUCT_NAME = "$(TARGET_NAME)";
			};
			name = Debug;
		};
		840598A01A8B846D001A8B83 /* Release */ = {
			isa = XCBuildConfiguration;
			buildSettings = {
				ASSETCATALOG_COMPILER_APPICON_NAME = AppIcon;
				INFOPLIST_FILE = StoryboardGitDemo/Info.plist;
				LD_RUNPATH_SEARCH_PATHS = "$(inherited) @executable_path/Frameworks";
				PRODUCT_NAME = "$(TARGET_NAME)";
			};
			name = Release;
		};
		840598A21A8B846D001A8B83 /* Debug */ = {
			isa = XCBuildConfiguration;
			buildSettings = {
				BUNDLE_LOADER = "$(TEST_HOST)";
				FRAMEWORK_SEARCH_PATHS = (
					"$(SDKROOT)/Developer/Library/Frameworks",
					"$(inherited)",
				);
				GCC_PREPROCESSOR_DEFINITIONS = (
					"DEBUG=1",
					"$(inherited)",
				);
				INFOPLIST_FILE = StoryboardGitDemoTests/Info.plist;
				LD_RUNPATH_SEARCH_PATHS = "$(inherited) @executable_path/Frameworks @loader_path/Frameworks";
				PRODUCT_NAME = "$(TARGET_NAME)";
				TEST_HOST = "$(BUILT_PRODUCTS_DIR)/StoryboardGitDemo.app/StoryboardGitDemo";
			};
			name = Debug;
		};
		840598A31A8B846D001A8B83 /* Release */ = {
			isa = XCBuildConfiguration;
			buildSettings = {
				BUNDLE_LOADER = "$(TEST_HOST)";
				FRAMEWORK_SEARCH_PATHS = (
					"$(SDKROOT)/Developer/Library/Frameworks",
					"$(inherited)",
				);
				INFOPLIST_FILE = StoryboardGitDemoTests/Info.plist;
				LD_RUNPATH_SEARCH_PATHS = "$(inherited) @executable_path/Frameworks @loader_path/Frameworks";
				PRODUCT_NAME = "$(TARGET_NAME)";
				TEST_HOST = "$(BUILT_PRODUCTS_DIR)/StoryboardGitDemo.app/StoryboardGitDemo";
			};
			name = Release;
		};
/* End XCBuildConfiguration section */

/* Begin XCConfigurationList section */
		840598761A8B846D001A8B83 /* Build configuration list for PBXProject "StoryboardGitDemo" */ = {
			isa = XCConfigurationList;
			buildConfigurations = (
				8405989C1A8B846D001A8B83 /* Debug */,
				8405989D1A8B846D001A8B83 /* Release */,
			);
			defaultConfigurationIsVisible = 0;
			defaultConfigurationName = Release;
		};
		8405989E1A8B846D001A8B83 /* Build configuration list for PBXNativeTarget "StoryboardGitDemo" */ = {
			isa = XCConfigurationList;
			buildConfigurations = (
				8405989F1A8B846D001A8B83 /* Debug */,
				840598A01A8B846D001A8B83 /* Release */,
			);
			defaultConfigurationIsVisible = 0;
		};
		840598A11A8B846D001A8B83 /* Build configuration list for PBXNativeTarget "StoryboardGitDemoTests" */ = {
			isa = XCConfigurationList;
			buildConfigurations = (
				840598A21A8B846D001A8B83 /* Debug */,
				840598A31A8B846D001A8B83 /* Release */,
			);
			defaultConfigurationIsVisible = 0;
		};
/* End XCConfigurationList section */
	};
	rootObject = 840598731A8B846D001A8B83 /* Project object */;
}
